// !$*UTF8*$!
{
	archiveVersion = 1;
	classes = {
	};
	objectVersion = 50;
	objects = {

/* Begin PBXBuildFile section */
		F110DED621CF8D5100096BC0 /* StyleUtil.swift in Sources */ = {isa = PBXBuildFile; fileRef = F110DED521CF8D5100096BC0 /* StyleUtil.swift */; };
		F110DEDA21CF94F500096BC0 /* Chaplin.framework in Frameworks */ = {isa = PBXBuildFile; fileRef = F110DED721CF94F500096BC0 /* Chaplin.framework */; };
		F110DEDB21CF94F500096BC0 /* Chaplin.framework in Embed Frameworks */ = {isa = PBXBuildFile; fileRef = F110DED721CF94F500096BC0 /* Chaplin.framework */; settings = {ATTRIBUTES = (CodeSignOnCopy, RemoveHeadersOnCopy, ); }; };
		F110DEDC21CF94F500096BC0 /* With.framework in Frameworks */ = {isa = PBXBuildFile; fileRef = F110DED821CF94F500096BC0 /* With.framework */; };
		F110DEDD21CF94F500096BC0 /* With.framework in Embed Frameworks */ = {isa = PBXBuildFile; fileRef = F110DED821CF94F500096BC0 /* With.framework */; settings = {ATTRIBUTES = (CodeSignOnCopy, RemoveHeadersOnCopy, ); }; };
		F110DEDE21CF94F500096BC0 /* Spatial.framework in Frameworks */ = {isa = PBXBuildFile; fileRef = F110DED921CF94F500096BC0 /* Spatial.framework */; };
		F110DEDF21CF94F500096BC0 /* Spatial.framework in Embed Frameworks */ = {isa = PBXBuildFile; fileRef = F110DED921CF94F500096BC0 /* Spatial.framework */; settings = {ATTRIBUTES = (CodeSignOnCopy, RemoveHeadersOnCopy, ); }; };
		F110DEE221CF972500096BC0 /* CustomShapedShadowView+Style.swift in Sources */ = {isa = PBXBuildFile; fileRef = F110DEE121CF972500096BC0 /* CustomShapedShadowView+Style.swift */; };
		F110DEE421D2502F00096BC0 /* Util.swift in Sources */ = {isa = PBXBuildFile; fileRef = F110DEE321D2502F00096BC0 /* Util.swift */; };
		F110DEE721D3A0B100096BC0 /* PopoverTag.swift in Sources */ = {isa = PBXBuildFile; fileRef = F110DEE621D3A0B100096BC0 /* PopoverTag.swift */; };
		F110DEE921D3BF2700096BC0 /* PopoverTag+Create.swift in Sources */ = {isa = PBXBuildFile; fileRef = F110DEE821D3BF2700096BC0 /* PopoverTag+Create.swift */; };
		F110DEEB21D3CE5D00096BC0 /* PopoverTag+Extra.swift in Sources */ = {isa = PBXBuildFile; fileRef = F110DEEA21D3CE5D00096BC0 /* PopoverTag+Extra.swift */; };
		F110DEED21D40ACA00096BC0 /* PopoverTag+Animation.swift in Sources */ = {isa = PBXBuildFile; fileRef = F110DEEC21D40ACA00096BC0 /* PopoverTag+Animation.swift */; };
		F110DEEF21D40B3F00096BC0 /* PopoverTag+Style.swift in Sources */ = {isa = PBXBuildFile; fileRef = F110DEEE21D40B3F00096BC0 /* PopoverTag+Style.swift */; };
		F110DEF121D40BDB00096BC0 /* PopoverTag+Util.swift in Sources */ = {isa = PBXBuildFile; fileRef = F110DEF021D40BDB00096BC0 /* PopoverTag+Util.swift */; };
		F1B773C521CE2DF900C4B90F /* AppDelegate.swift in Sources */ = {isa = PBXBuildFile; fileRef = F1B773C421CE2DF900C4B90F /* AppDelegate.swift */; };
		F1B773C721CE2DF900C4B90F /* ViewController.swift in Sources */ = {isa = PBXBuildFile; fileRef = F1B773C621CE2DF900C4B90F /* ViewController.swift */; };
		F1B773CA21CE2DF900C4B90F /* Main.storyboard in Resources */ = {isa = PBXBuildFile; fileRef = F1B773C821CE2DF900C4B90F /* Main.storyboard */; };
		F1B773CC21CE2DFC00C4B90F /* Assets.xcassets in Resources */ = {isa = PBXBuildFile; fileRef = F1B773CB21CE2DFC00C4B90F /* Assets.xcassets */; };
		F1B773CF21CE2DFC00C4B90F /* LaunchScreen.storyboard in Resources */ = {isa = PBXBuildFile; fileRef = F1B773CD21CE2DFC00C4B90F /* LaunchScreen.storyboard */; };
		F1B773D821CE2F2A00C4B90F /* CustomShapedShadowView.swift in Sources */ = {isa = PBXBuildFile; fileRef = F1B773D721CE2F2A00C4B90F /* CustomShapedShadowView.swift */; };
		F1B773DA21CE2F6200C4B90F /* VC+Create.swift in Sources */ = {isa = PBXBuildFile; fileRef = F1B773D921CE2F6200C4B90F /* VC+Create.swift */; };
/* End PBXBuildFile section */

/* Begin PBXCopyFilesBuildPhase section */
		F110DEE021CF94F500096BC0 /* Embed Frameworks */ = {
			isa = PBXCopyFilesBuildPhase;
			buildActionMask = 2147483647;
			dstPath = "";
			dstSubfolderSpec = 10;
			files = (
				F110DEDD21CF94F500096BC0 /* With.framework in Embed Frameworks */,
				F110DEDB21CF94F500096BC0 /* Chaplin.framework in Embed Frameworks */,
				F110DEDF21CF94F500096BC0 /* Spatial.framework in Embed Frameworks */,
			);
			name = "Embed Frameworks";
			runOnlyForDeploymentPostprocessing = 0;
		};
/* End PBXCopyFilesBuildPhase section */

/* Begin PBXFileReference section */
		F110DED521CF8D5100096BC0 /* StyleUtil.swift */ = {isa = PBXFileReference; fileEncoding = 4; lastKnownFileType = sourcecode.swift; path = StyleUtil.swift; sourceTree = "<group>"; };
		F110DED721CF94F500096BC0 /* Chaplin.framework */ = {isa = PBXFileReference; lastKnownFileType = wrapper.framework; name = Chaplin.framework; path = Carthage/Build/iOS/Chaplin.framework; sourceTree = "<group>"; };
		F110DED821CF94F500096BC0 /* With.framework */ = {isa = PBXFileReference; lastKnownFileType = wrapper.framework; name = With.framework; path = Carthage/Build/iOS/With.framework; sourceTree = "<group>"; };
		F110DED921CF94F500096BC0 /* Spatial.framework */ = {isa = PBXFileReference; lastKnownFileType = wrapper.framework; name = Spatial.framework; path = Carthage/Build/iOS/Spatial.framework; sourceTree = "<group>"; };
		F110DEE121CF972500096BC0 /* CustomShapedShadowView+Style.swift */ = {isa = PBXFileReference; lastKnownFileType = sourcecode.swift; path = "CustomShapedShadowView+Style.swift"; sourceTree = "<group>"; };
		F110DEE321D2502F00096BC0 /* Util.swift */ = {isa = PBXFileReference; lastKnownFileType = sourcecode.swift; path = Util.swift; sourceTree = "<group>"; };
		F110DEE621D3A0B100096BC0 /* PopoverTag.swift */ = {isa = PBXFileReference; lastKnownFileType = sourcecode.swift; path = PopoverTag.swift; sourceTree = "<group>"; };
		F110DEE821D3BF2700096BC0 /* PopoverTag+Create.swift */ = {isa = PBXFileReference; lastKnownFileType = sourcecode.swift; path = "PopoverTag+Create.swift"; sourceTree = "<group>"; };
		F110DEEA21D3CE5D00096BC0 /* PopoverTag+Extra.swift */ = {isa = PBXFileReference; lastKnownFileType = sourcecode.swift; path = "PopoverTag+Extra.swift"; sourceTree = "<group>"; };
		F110DEEC21D40ACA00096BC0 /* PopoverTag+Animation.swift */ = {isa = PBXFileReference; lastKnownFileType = sourcecode.swift; path = "PopoverTag+Animation.swift"; sourceTree = "<group>"; };
		F110DEEE21D40B3F00096BC0 /* PopoverTag+Style.swift */ = {isa = PBXFileReference; lastKnownFileType = sourcecode.swift; path = "PopoverTag+Style.swift"; sourceTree = "<group>"; };
		F110DEF021D40BDB00096BC0 /* PopoverTag+Util.swift */ = {isa = PBXFileReference; lastKnownFileType = sourcecode.swift; path = "PopoverTag+Util.swift"; sourceTree = "<group>"; };
		F1B773C121CE2DF900C4B90F /* 1up.app */ = {isa = PBXFileReference; explicitFileType = wrapper.application; includeInIndex = 0; path = 1up.app; sourceTree = BUILT_PRODUCTS_DIR; };
		F1B773C421CE2DF900C4B90F /* AppDelegate.swift */ = {isa = PBXFileReference; lastKnownFileType = sourcecode.swift; path = AppDelegate.swift; sourceTree = "<group>"; };
		F1B773C621CE2DF900C4B90F /* ViewController.swift */ = {isa = PBXFileReference; lastKnownFileType = sourcecode.swift; path = ViewController.swift; sourceTree = "<group>"; };
		F1B773C921CE2DF900C4B90F /* Base */ = {isa = PBXFileReference; lastKnownFileType = file.storyboard; name = Base; path = Base.lproj/Main.storyboard; sourceTree = "<group>"; };
		F1B773CB21CE2DFC00C4B90F /* Assets.xcassets */ = {isa = PBXFileReference; lastKnownFileType = folder.assetcatalog; path = Assets.xcassets; sourceTree = "<group>"; };
		F1B773CE21CE2DFC00C4B90F /* Base */ = {isa = PBXFileReference; lastKnownFileType = file.storyboard; name = Base; path = Base.lproj/LaunchScreen.storyboard; sourceTree = "<group>"; };
		F1B773D021CE2DFC00C4B90F /* Info.plist */ = {isa = PBXFileReference; lastKnownFileType = text.plist.xml; path = Info.plist; sourceTree = "<group>"; };
		F1B773D721CE2F2A00C4B90F /* CustomShapedShadowView.swift */ = {isa = PBXFileReference; lastKnownFileType = sourcecode.swift; path = CustomShapedShadowView.swift; sourceTree = "<group>"; };
		F1B773D921CE2F6200C4B90F /* VC+Create.swift */ = {isa = PBXFileReference; lastKnownFileType = sourcecode.swift; path = "VC+Create.swift"; sourceTree = "<group>"; };
/* End PBXFileReference section */

/* Begin PBXFrameworksBuildPhase section */
		F1B773BE21CE2DF900C4B90F /* Frameworks */ = {
			isa = PBXFrameworksBuildPhase;
			buildActionMask = 2147483647;
			files = (
				F110DEDC21CF94F500096BC0 /* With.framework in Frameworks */,
				F110DEDA21CF94F500096BC0 /* Chaplin.framework in Frameworks */,
				F110DEDE21CF94F500096BC0 /* Spatial.framework in Frameworks */,
			);
			runOnlyForDeploymentPostprocessing = 0;
		};
/* End PBXFrameworksBuildPhase section */

/* Begin PBXGroup section */
		F110DED421CF8D3D00096BC0 /* util */ = {
			isa = PBXGroup;
			children = (
				F110DED521CF8D5100096BC0 /* StyleUtil.swift */,
			);
			path = util;
			sourceTree = "<group>";
		};
		F110DEE521D3A09900096BC0 /* src */ = {
			isa = PBXGroup;
			children = (
				F1B773D621CE2F1D00C4B90F /* customshadowview */,
				F110DEE621D3A0B100096BC0 /* PopoverTag.swift */,
				F110DEE821D3BF2700096BC0 /* PopoverTag+Create.swift */,
				F110DEEA21D3CE5D00096BC0 /* PopoverTag+Extra.swift */,
				F110DEEC21D40ACA00096BC0 /* PopoverTag+Animation.swift */,
				F110DEEE21D40B3F00096BC0 /* PopoverTag+Style.swift */,
				F110DEF021D40BDB00096BC0 /* PopoverTag+Util.swift */,
			);
			path = src;
			sourceTree = "<group>";
		};
		F1B773B821CE2DF900C4B90F = {
			isa = PBXGroup;
			children = (
				F110DED721CF94F500096BC0 /* Chaplin.framework */,
				F110DED921CF94F500096BC0 /* Spatial.framework */,
				F110DED821CF94F500096BC0 /* With.framework */,
				F1B773C321CE2DF900C4B90F /* 1up */,
				F1B773C221CE2DF900C4B90F /* Products */,
			);
			sourceTree = "<group>";
		};
		F1B773C221CE2DF900C4B90F /* Products */ = {
			isa = PBXGroup;
			children = (
				F1B773C121CE2DF900C4B90F /* 1up.app */,
			);
			name = Products;
			sourceTree = "<group>";
		};
		F1B773C321CE2DF900C4B90F /* 1up */ = {
			isa = PBXGroup;
			children = (
				F1B773C421CE2DF900C4B90F /* AppDelegate.swift */,
				F1B773C621CE2DF900C4B90F /* ViewController.swift */,
				F1B773D921CE2F6200C4B90F /* VC+Create.swift */,
				F110DEE321D2502F00096BC0 /* Util.swift */,
				F110DEE521D3A09900096BC0 /* src */,
				F1B773C821CE2DF900C4B90F /* Main.storyboard */,
				F1B773CB21CE2DFC00C4B90F /* Assets.xcassets */,
				F1B773CD21CE2DFC00C4B90F /* LaunchScreen.storyboard */,
				F1B773D021CE2DFC00C4B90F /* Info.plist */,
			);
			path = 1up;
			sourceTree = "<group>";
		};
		F1B773D621CE2F1D00C4B90F /* customshadowview */ = {
			isa = PBXGroup;
			children = (
				F1B773D721CE2F2A00C4B90F /* CustomShapedShadowView.swift */,
				F110DEE121CF972500096BC0 /* CustomShapedShadowView+Style.swift */,
				F110DED421CF8D3D00096BC0 /* util */,
			);
			path = customshadowview;
			sourceTree = "<group>";
		};
/* End PBXGroup section */

/* Begin PBXNativeTarget section */
		F1B773C021CE2DF900C4B90F /* 1up */ = {
			isa = PBXNativeTarget;
			buildConfigurationList = F1B773D321CE2DFC00C4B90F /* Build configuration list for PBXNativeTarget "1up" */;
			buildPhases = (
				F1B773BD21CE2DF900C4B90F /* Sources */,
				F1B773BE21CE2DF900C4B90F /* Frameworks */,
				F1B773BF21CE2DF900C4B90F /* Resources */,
				F110DEE021CF94F500096BC0 /* Embed Frameworks */,
			);
			buildRules = (
			);
			dependencies = (
			);
			name = 1up;
			productName = 1up;
			productReference = F1B773C121CE2DF900C4B90F /* 1up.app */;
			productType = "com.apple.product-type.application";
		};
/* End PBXNativeTarget section */

/* Begin PBXProject section */
		F1B773B921CE2DF900C4B90F /* Project object */ = {
			isa = PBXProject;
			attributes = {
				LastSwiftUpdateCheck = 1010;
				LastUpgradeCheck = 1010;
				ORGANIZATIONNAME = FutureLab;
				TargetAttributes = {
					F1B773C021CE2DF900C4B90F = {
						CreatedOnToolsVersion = 10.1;
					};
				};
			};
			buildConfigurationList = F1B773BC21CE2DF900C4B90F /* Build configuration list for PBXProject "1up" */;
			compatibilityVersion = "Xcode 9.3";
			developmentRegion = en;
			hasScannedForEncodings = 0;
			knownRegions = (
				en,
				Base,
			);
			mainGroup = F1B773B821CE2DF900C4B90F;
			productRefGroup = F1B773C221CE2DF900C4B90F /* Products */;
			projectDirPath = "";
			projectRoot = "";
			targets = (
				F1B773C021CE2DF900C4B90F /* 1up */,
			);
		};
/* End PBXProject section */

/* Begin PBXResourcesBuildPhase section */
		F1B773BF21CE2DF900C4B90F /* Resources */ = {
			isa = PBXResourcesBuildPhase;
			buildActionMask = 2147483647;
			files = (
				F1B773CF21CE2DFC00C4B90F /* LaunchScreen.storyboard in Resources */,
				F1B773CC21CE2DFC00C4B90F /* Assets.xcassets in Resources */,
				F1B773CA21CE2DF900C4B90F /* Main.storyboard in Resources */,
			);
			runOnlyForDeploymentPostprocessing = 0;
		};
/* End PBXResourcesBuildPhase section */

/* Begin PBXSourcesBuildPhase section */
		F1B773BD21CE2DF900C4B90F /* Sources */ = {
			isa = PBXSourcesBuildPhase;
			buildActionMask = 2147483647;
			files = (
				F1B773C721CE2DF900C4B90F /* ViewController.swift in Sources */,
				F1B773D821CE2F2A00C4B90F /* CustomShapedShadowView.swift in Sources */,
				F110DEE721D3A0B100096BC0 /* PopoverTag.swift in Sources */,
				F1B773DA21CE2F6200C4B90F /* VC+Create.swift in Sources */,
				F110DEEF21D40B3F00096BC0 /* PopoverTag+Style.swift in Sources */,
				F1B773C521CE2DF900C4B90F /* AppDelegate.swift in Sources */,
				F110DEEB21D3CE5D00096BC0 /* PopoverTag+Extra.swift in Sources */,
				F110DED621CF8D5100096BC0 /* StyleUtil.swift in Sources */,
				F110DEED21D40ACA00096BC0 /* PopoverTag+Animation.swift in Sources */,
				F110DEE421D2502F00096BC0 /* Util.swift in Sources */,
				F110DEE221CF972500096BC0 /* CustomShapedShadowView+Style.swift in Sources */,
				F110DEE921D3BF2700096BC0 /* PopoverTag+Create.swift in Sources */,
				F110DEF121D40BDB00096BC0 /* PopoverTag+Util.swift in Sources */,
			);
			runOnlyForDeploymentPostprocessing = 0;
		};
/* End PBXSourcesBuildPhase section */

/* Begin PBXVariantGroup section */
		F1B773C821CE2DF900C4B90F /* Main.storyboard */ = {
			isa = PBXVariantGroup;
			children = (
				F1B773C921CE2DF900C4B90F /* Base */,
			);
			name = Main.storyboard;
			sourceTree = "<group>";
		};
		F1B773CD21CE2DFC00C4B90F /* LaunchScreen.storyboard */ = {
			isa = PBXVariantGroup;
			children = (
				F1B773CE21CE2DFC00C4B90F /* Base */,
			);
			name = LaunchScreen.storyboard;
			sourceTree = "<group>";
		};
/* End PBXVariantGroup section */

/* Begin XCBuildConfiguration section */
		F1B773D121CE2DFC00C4B90F /* Debug */ = {
			isa = XCBuildConfiguration;
			buildSettings = {
				ALWAYS_SEARCH_USER_PATHS = NO;
				CLANG_ANALYZER_NONNULL = YES;
				CLANG_ANALYZER_NUMBER_OBJECT_CONVERSION = YES_AGGRESSIVE;
				CLANG_CXX_LANGUAGE_STANDARD = "gnu++14";
				CLANG_CXX_LIBRARY = "libc++";
				CLANG_ENABLE_MODULES = YES;
				CLANG_ENABLE_OBJC_ARC = YES;
				CLANG_ENABLE_OBJC_WEAK = YES;
				CLANG_WARN_BLOCK_CAPTURE_AUTORELEASING = YES;
				CLANG_WARN_BOOL_CONVERSION = YES;
				CLANG_WARN_COMMA = YES;
				CLANG_WARN_CONSTANT_CONVERSION = YES;
				CLANG_WARN_DEPRECATED_OBJC_IMPLEMENTATIONS = YES;
				CLANG_WARN_DIRECT_OBJC_ISA_USAGE = YES_ERROR;
				CLANG_WARN_DOCUMENTATION_COMMENTS = YES;
				CLANG_WARN_EMPTY_BODY = YES;
				CLANG_WARN_ENUM_CONVERSION = YES;
				CLANG_WARN_INFINITE_RECURSION = YES;
				CLANG_WARN_INT_CONVERSION = YES;
				CLANG_WARN_NON_LITERAL_NULL_CONVERSION = YES;
				CLANG_WARN_OBJC_IMPLICIT_RETAIN_SELF = YES;
				CLANG_WARN_OBJC_LITERAL_CONVERSION = YES;
				CLANG_WARN_OBJC_ROOT_CLASS = YES_ERROR;
				CLANG_WARN_RANGE_LOOP_ANALYSIS = YES;
				CLANG_WARN_STRICT_PROTOTYPES = YES;
				CLANG_WARN_SUSPICIOUS_MOVE = YES;
				CLANG_WARN_UNGUARDED_AVAILABILITY = YES_AGGRESSIVE;
				CLANG_WARN_UNREACHABLE_CODE = YES;
				CLANG_WARN__DUPLICATE_METHOD_MATCH = YES;
				CODE_SIGN_IDENTITY = "iPhone Developer";
				COPY_PHASE_STRIP = NO;
				DEBUG_INFORMATION_FORMAT = dwarf;
				ENABLE_STRICT_OBJC_MSGSEND = YES;
				ENABLE_TESTABILITY = YES;
				GCC_C_LANGUAGE_STANDARD = gnu11;
				GCC_DYNAMIC_NO_PIC = NO;
				GCC_NO_COMMON_BLOCKS = YES;
				GCC_OPTIMIZATION_LEVEL = 0;
				GCC_PREPROCESSOR_DEFINITIONS = (
					"DEBUG=1",
					"$(inherited)",
				);
				GCC_WARN_64_TO_32_BIT_CONVERSION = YES;
				GCC_WARN_ABOUT_RETURN_TYPE = YES_ERROR;
				GCC_WARN_UNDECLARED_SELECTOR = YES;
				GCC_WARN_UNINITIALIZED_AUTOS = YES_AGGRESSIVE;
				GCC_WARN_UNUSED_FUNCTION = YES;
				GCC_WARN_UNUSED_VARIABLE = YES;
				IPHONEOS_DEPLOYMENT_TARGET = 12.1;
				MTL_ENABLE_DEBUG_INFO = INCLUDE_SOURCE;
				MTL_FAST_MATH = YES;
				ONLY_ACTIVE_ARCH = YES;
				SDKROOT = iphoneos;
				SWIFT_ACTIVE_COMPILATION_CONDITIONS = DEBUG;
				SWIFT_OPTIMIZATION_LEVEL = "-Onone";
			};
			name = Debug;
		};
		F1B773D221CE2DFC00C4B90F /* Release */ = {
			isa = XCBuildConfiguration;
			buildSettings = {
				ALWAYS_SEARCH_USER_PATHS = NO;
				CLANG_ANALYZER_NONNULL = YES;
				CLANG_ANALYZER_NUMBER_OBJECT_CONVERSION = YES_AGGRESSIVE;
				CLANG_CXX_LANGUAGE_STANDARD = "gnu++14";
				CLANG_CXX_LIBRARY = "libc++";
				CLANG_ENABLE_MODULES = YES;
				CLANG_ENABLE_OBJC_ARC = YES;
				CLANG_ENABLE_OBJC_WEAK = YES;
				CLANG_WARN_BLOCK_CAPTURE_AUTORELEASING = YES;
				CLANG_WARN_BOOL_CONVERSION = YES;
				CLANG_WARN_COMMA = YES;
				CLANG_WARN_CONSTANT_CONVERSION = YES;
				CLANG_WARN_DEPRECATED_OBJC_IMPLEMENTATIONS = YES;
				CLANG_WARN_DIRECT_OBJC_ISA_USAGE = YES_ERROR;
				CLANG_WARN_DOCUMENTATION_COMMENTS = YES;
				CLANG_WARN_EMPTY_BODY = YES;
				CLANG_WARN_ENUM_CONVERSION = YES;
				CLANG_WARN_INFINITE_RECURSION = YES;
				CLANG_WARN_INT_CONVERSION = YES;
				CLANG_WARN_NON_LITERAL_NULL_CONVERSION = YES;
				CLANG_WARN_OBJC_IMPLICIT_RETAIN_SELF = YES;
				CLANG_WARN_OBJC_LITERAL_CONVERSION = YES;
				CLANG_WARN_OBJC_ROOT_CLASS = YES_ERROR;
				CLANG_WARN_RANGE_LOOP_ANALYSIS = YES;
				CLANG_WARN_STRICT_PROTOTYPES = YES;
				CLANG_WARN_SUSPICIOUS_MOVE = YES;
				CLANG_WARN_UNGUARDED_AVAILABILITY = YES_AGGRESSIVE;
				CLANG_WARN_UNREACHABLE_CODE = YES;
				CLANG_WARN__DUPLICATE_METHOD_MATCH = YES;
				CODE_SIGN_IDENTITY = "iPhone Developer";
				COPY_PHASE_STRIP = NO;
				DEBUG_INFORMATION_FORMAT = "dwarf-with-dsym";
				ENABLE_NS_ASSERTIONS = NO;
				ENABLE_STRICT_OBJC_MSGSEND = YES;
				GCC_C_LANGUAGE_STANDARD = gnu11;
				GCC_NO_COMMON_BLOCKS = YES;
				GCC_WARN_64_TO_32_BIT_CONVERSION = YES;
				GCC_WARN_ABOUT_RETURN_TYPE = YES_ERROR;
				GCC_WARN_UNDECLARED_SELECTOR = YES;
				GCC_WARN_UNINITIALIZED_AUTOS = YES_AGGRESSIVE;
				GCC_WARN_UNUSED_FUNCTION = YES;
				GCC_WARN_UNUSED_VARIABLE = YES;
				IPHONEOS_DEPLOYMENT_TARGET = 12.1;
				MTL_ENABLE_DEBUG_INFO = NO;
				MTL_FAST_MATH = YES;
				SDKROOT = iphoneos;
				SWIFT_COMPILATION_MODE = wholemodule;
				SWIFT_OPTIMIZATION_LEVEL = "-O";
				VALIDATE_PRODUCT = YES;
			};
			name = Release;
		};
		F1B773D421CE2DFC00C4B90F /* Debug */ = {
			isa = XCBuildConfiguration;
			buildSettings = {
				ASSETCATALOG_COMPILER_APPICON_NAME = AppIcon;
				CODE_SIGN_STYLE = Automatic;
				FRAMEWORK_SEARCH_PATHS = (
					"$(inherited)",
					"$(PROJECT_DIR)/Carthage/Build/iOS",
				);
				INFOPLIST_FILE = 1up/Info.plist;
				LD_RUNPATH_SEARCH_PATHS = (
					"$(inherited)",
					"@executable_path/Frameworks",
				);
				PRODUCT_BUNDLE_IDENTIFIER = "io.github.futurelab.-up";
				PRODUCT_NAME = "$(TARGET_NAME)";
				SWIFT_VERSION = 4.2;
				TARGETED_DEVICE_FAMILY = "1,2";
			};
			name = Debug;
		};
		F1B773D521CE2DFC00C4B90F /* Release */ = {
			isa = XCBuildConfiguration;
			buildSettings = {
				ASSETCATALOG_COMPILER_APPICON_NAME = AppIcon;
				CODE_SIGN_STYLE = Automatic;
				FRAMEWORK_SEARCH_PATHS = (
					"$(inherited)",
					"$(PROJECT_DIR)/Carthage/Build/iOS",
				);
				INFOPLIST_FILE = 1up/Info.plist;
				LD_RUNPATH_SEARCH_PATHS = (
					"$(inherited)",
					"@executable_path/Frameworks",
				);
				PRODUCT_BUNDLE_IDENTIFIER = "io.github.futurelab.-up";
				PRODUCT_NAME = "$(TARGET_NAME)";
				SWIFT_VERSION = 4.2;
				TARGETED_DEVICE_FAMILY = "1,2";
			};
			name = Release;
		};
/* End XCBuildConfiguration section */

/* Begin XCConfigurationList section */
		F1B773BC21CE2DF900C4B90F /* Build configuration list for PBXProject "1up" */ = {
			isa = XCConfigurationList;
			buildConfigurations = (
				F1B773D121CE2DFC00C4B90F /* Debug */,
				F1B773D221CE2DFC00C4B90F /* Release */,
			);
			defaultConfigurationIsVisible = 0;
			defaultConfigurationName = Release;
		};
		F1B773D321CE2DFC00C4B90F /* Build configuration list for PBXNativeTarget "1up" */ = {
			isa = XCConfigurationList;
			buildConfigurations = (
				F1B773D421CE2DFC00C4B90F /* Debug */,
				F1B773D521CE2DFC00C4B90F /* Release */,
			);
			defaultConfigurationIsVisible = 0;
			defaultConfigurationName = Release;
		};
/* End XCConfigurationList section */
	};
	rootObject = F1B773B921CE2DF900C4B90F /* Project object */;
}
