// !$*UTF8*$!
{
	archiveVersion = 1;
	classes = {
	};
	objectVersion = 50;
	objects = {

/* Begin PBXBuildFile section */
		F109EEA021E6227300FCC696 /* ArrowBox.swift in Sources */ = {isa = PBXBuildFile; fileRef = F109EE9F21E6227300FCC696 /* ArrowBox.swift */; };
		F109EEA221E71B5200FCC696 /* ArrowBox+Create.swift in Sources */ = {isa = PBXBuildFile; fileRef = F109EEA121E71B5200FCC696 /* ArrowBox+Create.swift */; };
		F109EEA421E71BD800FCC696 /* ArrowBox+Util.swift in Sources */ = {isa = PBXBuildFile; fileRef = F109EEA321E71BD800FCC696 /* ArrowBox+Util.swift */; };
		F109EEA621E71C2F00FCC696 /* ArrowBox+Style.swift in Sources */ = {isa = PBXBuildFile; fileRef = F109EEA521E71C2F00FCC696 /* ArrowBox+Style.swift */; };
		F109EEA821E71D3500FCC696 /* ArrowBox+Type.swift in Sources */ = {isa = PBXBuildFile; fileRef = F109EEA721E71D3500FCC696 /* ArrowBox+Type.swift */; };
		F109EEC021E781B800FCC696 /* ShadowUtil.swift in Sources */ = {isa = PBXBuildFile; fileRef = F109EEBF21E781B800FCC696 /* ShadowUtil.swift */; };
		F109EEC221E784C700FCC696 /* PopoverLabel+Metric.swift in Sources */ = {isa = PBXBuildFile; fileRef = F109EEC121E784C700FCC696 /* PopoverLabel+Metric.swift */; };
		F109EECC21E8D96E00FCC696 /* AppDelegate+VC.swift in Sources */ = {isa = PBXBuildFile; fileRef = F109EECB21E8D96E00FCC696 /* AppDelegate+VC.swift */; };
		F110DF6921DBA41500096BC0 /* AppDelegate.swift in Sources */ = {isa = PBXBuildFile; fileRef = F110DF6821DBA41500096BC0 /* AppDelegate.swift */; };
		F110DF7021DBA41800096BC0 /* Assets.xcassets in Resources */ = {isa = PBXBuildFile; fileRef = F110DF6F21DBA41800096BC0 /* Assets.xcassets */; };
		F110DF7321DBA41800096BC0 /* LaunchScreen.storyboard in Resources */ = {isa = PBXBuildFile; fileRef = F110DF7121DBA41800096BC0 /* LaunchScreen.storyboard */; };
		F110DF7C21DBA54B00096BC0 /* TBC+Extension.swift in Sources */ = {isa = PBXBuildFile; fileRef = F110DF7A21DBA54B00096BC0 /* TBC+Extension.swift */; };
		F110DF7D21DBA54B00096BC0 /* AppDelegate+Create.swift in Sources */ = {isa = PBXBuildFile; fileRef = F110DF7B21DBA54B00096BC0 /* AppDelegate+Create.swift */; };
		F110DFC921DBAAE800096BC0 /* PopoverLabelLib.h in Headers */ = {isa = PBXBuildFile; fileRef = F110DFC721DBAAE800096BC0 /* PopoverLabelLib.h */; settings = {ATTRIBUTES = (Public, ); }; };
		F110DFCD21DBAAE800096BC0 /* PopoverLabelLib.framework in Embed Frameworks */ = {isa = PBXBuildFile; fileRef = F110DFC521DBAAE800096BC0 /* PopoverLabelLib.framework */; settings = {ATTRIBUTES = (CodeSignOnCopy, RemoveHeadersOnCopy, ); }; };
		F110DFD121DBAB0000096BC0 /* Util+CGPath.swift in Sources */ = {isa = PBXBuildFile; fileRef = F110DF8A21DBA5E300096BC0 /* Util+CGPath.swift */; };
		F110DFD221DBAB0000096BC0 /* Util+CGShape.swift in Sources */ = {isa = PBXBuildFile; fileRef = F110DF8B21DBA5E300096BC0 /* Util+CGShape.swift */; };
		F110DFD321DBAB0000096BC0 /* Util+CGAffineTransform.swift in Sources */ = {isa = PBXBuildFile; fileRef = F110DF8C21DBA5E300096BC0 /* Util+CGAffineTransform.swift */; };
		F110DFD421DBAB0000096BC0 /* Util+Math.swift in Sources */ = {isa = PBXBuildFile; fileRef = F110DF8D21DBA5E300096BC0 /* Util+Math.swift */; };
		F110DFD521DBAB0000096BC0 /* PopoverLabel.swift in Sources */ = {isa = PBXBuildFile; fileRef = F110DF9121DBA5E300096BC0 /* PopoverLabel.swift */; };
		F110DFD821DBAB0000096BC0 /* PopoverLabel+Style.swift in Sources */ = {isa = PBXBuildFile; fileRef = F110DF9021DBA5E300096BC0 /* PopoverLabel+Style.swift */; };
		F110DFD921DBAB0000096BC0 /* PopoverLabel+Layout.swift in Sources */ = {isa = PBXBuildFile; fileRef = F110DF9221DBA5E300096BC0 /* PopoverLabel+Layout.swift */; };
		F110DFDA21DBAB0000096BC0 /* PopoverLabel+Animation.swift in Sources */ = {isa = PBXBuildFile; fileRef = F110DF9321DBA5E300096BC0 /* PopoverLabel+Animation.swift */; };
		F110DFDB21DBAB0000096BC0 /* PopoverLabel+Create.swift in Sources */ = {isa = PBXBuildFile; fileRef = F110DF9421DBA5E300096BC0 /* PopoverLabel+Create.swift */; };
		F17E0E1F21DCE94400EE3027 /* PopoverLabelLib.framework in Frameworks */ = {isa = PBXBuildFile; fileRef = F110DFC521DBAAE800096BC0 /* PopoverLabelLib.framework */; };
		F17E0E2021DCE94900EE3027 /* SimpleTimerLib.framework in Frameworks */ = {isa = PBXBuildFile; fileRef = F17E0E1B21DBC0D800EE3027 /* SimpleTimerLib.framework */; };
		F17E0E2121DCE94900EE3027 /* SimpleTimerLib.framework in Embed Frameworks */ = {isa = PBXBuildFile; fileRef = F17E0E1B21DBC0D800EE3027 /* SimpleTimerLib.framework */; settings = {ATTRIBUTES = (CodeSignOnCopy, RemoveHeadersOnCopy, ); }; };
		F17E0E2221DCE94900EE3027 /* Spatial.framework in Frameworks */ = {isa = PBXBuildFile; fileRef = F17E0E1921DBC0D700EE3027 /* Spatial.framework */; };
		F17E0E2321DCE94900EE3027 /* Spatial.framework in Embed Frameworks */ = {isa = PBXBuildFile; fileRef = F17E0E1921DBC0D700EE3027 /* Spatial.framework */; settings = {ATTRIBUTES = (CodeSignOnCopy, RemoveHeadersOnCopy, ); }; };
		F17E0E2421DCE94900EE3027 /* With.framework in Frameworks */ = {isa = PBXBuildFile; fileRef = F17E0E1A21DBC0D700EE3027 /* With.framework */; };
		F17E0E2521DCE94900EE3027 /* With.framework in Embed Frameworks */ = {isa = PBXBuildFile; fileRef = F17E0E1A21DBC0D700EE3027 /* With.framework */; settings = {ATTRIBUTES = (CodeSignOnCopy, RemoveHeadersOnCopy, ); }; };
		F17E0E2621DCE94E00EE3027 /* SimpleTimerLib.framework in Frameworks */ = {isa = PBXBuildFile; fileRef = F17E0E1B21DBC0D800EE3027 /* SimpleTimerLib.framework */; };
		F17E0E2721DCE94E00EE3027 /* Spatial.framework in Frameworks */ = {isa = PBXBuildFile; fileRef = F17E0E1921DBC0D700EE3027 /* Spatial.framework */; };
		F17E0E2821DCE94E00EE3027 /* With.framework in Frameworks */ = {isa = PBXBuildFile; fileRef = F17E0E1A21DBC0D700EE3027 /* With.framework */; };
/* End PBXBuildFile section */

/* Begin PBXContainerItemProxy section */
		F110DFCA21DBAAE800096BC0 /* PBXContainerItemProxy */ = {
			isa = PBXContainerItemProxy;
			containerPortal = F110DF5D21DBA41400096BC0 /* Project object */;
			proxyType = 1;
			remoteGlobalIDString = F110DFC421DBAAE800096BC0;
			remoteInfo = PopoverLabelLib;
		};
/* End PBXContainerItemProxy section */

/* Begin PBXCopyFilesBuildPhase section */
		F110DF8721DBA5CA00096BC0 /* Embed Frameworks */ = {
			isa = PBXCopyFilesBuildPhase;
			buildActionMask = 2147483647;
			dstPath = "";
			dstSubfolderSpec = 10;
			files = (
				F17E0E2121DCE94900EE3027 /* SimpleTimerLib.framework in Embed Frameworks */,
				F110DFCD21DBAAE800096BC0 /* PopoverLabelLib.framework in Embed Frameworks */,
				F17E0E2521DCE94900EE3027 /* With.framework in Embed Frameworks */,
				F17E0E2321DCE94900EE3027 /* Spatial.framework in Embed Frameworks */,
			);
			name = "Embed Frameworks";
			runOnlyForDeploymentPostprocessing = 0;
		};
/* End PBXCopyFilesBuildPhase section */

/* Begin PBXFileReference section */
		F109EE9F21E6227300FCC696 /* ArrowBox.swift */ = {isa = PBXFileReference; lastKnownFileType = sourcecode.swift; path = ArrowBox.swift; sourceTree = "<group>"; };
		F109EEA121E71B5200FCC696 /* ArrowBox+Create.swift */ = {isa = PBXFileReference; lastKnownFileType = sourcecode.swift; path = "ArrowBox+Create.swift"; sourceTree = "<group>"; };
		F109EEA321E71BD800FCC696 /* ArrowBox+Util.swift */ = {isa = PBXFileReference; lastKnownFileType = sourcecode.swift; path = "ArrowBox+Util.swift"; sourceTree = "<group>"; };
		F109EEA521E71C2F00FCC696 /* ArrowBox+Style.swift */ = {isa = PBXFileReference; lastKnownFileType = sourcecode.swift; path = "ArrowBox+Style.swift"; sourceTree = "<group>"; };
		F109EEA721E71D3500FCC696 /* ArrowBox+Type.swift */ = {isa = PBXFileReference; lastKnownFileType = sourcecode.swift; path = "ArrowBox+Type.swift"; sourceTree = "<group>"; };
		F109EEBF21E781B800FCC696 /* ShadowUtil.swift */ = {isa = PBXFileReference; lastKnownFileType = sourcecode.swift; path = ShadowUtil.swift; sourceTree = "<group>"; };
		F109EEC121E784C700FCC696 /* PopoverLabel+Metric.swift */ = {isa = PBXFileReference; lastKnownFileType = sourcecode.swift; path = "PopoverLabel+Metric.swift"; sourceTree = "<group>"; };
		F109EECB21E8D96E00FCC696 /* AppDelegate+VC.swift */ = {isa = PBXFileReference; lastKnownFileType = sourcecode.swift; path = "AppDelegate+VC.swift"; sourceTree = "<group>"; };
		F110DF6521DBA41500096BC0 /* Popover-label-example.app */ = {isa = PBXFileReference; explicitFileType = wrapper.application; includeInIndex = 0; path = "Popover-label-example.app"; sourceTree = BUILT_PRODUCTS_DIR; };
		F110DF6821DBA41500096BC0 /* AppDelegate.swift */ = {isa = PBXFileReference; lastKnownFileType = sourcecode.swift; path = AppDelegate.swift; sourceTree = "<group>"; };
		F110DF6F21DBA41800096BC0 /* Assets.xcassets */ = {isa = PBXFileReference; lastKnownFileType = folder.assetcatalog; path = Assets.xcassets; sourceTree = "<group>"; };
		F110DF7221DBA41800096BC0 /* Base */ = {isa = PBXFileReference; lastKnownFileType = file.storyboard; name = Base; path = Base.lproj/LaunchScreen.storyboard; sourceTree = "<group>"; };
		F110DF7421DBA41800096BC0 /* Info.plist */ = {isa = PBXFileReference; lastKnownFileType = text.plist.xml; path = Info.plist; sourceTree = "<group>"; };
		F110DF7A21DBA54B00096BC0 /* TBC+Extension.swift */ = {isa = PBXFileReference; fileEncoding = 4; lastKnownFileType = sourcecode.swift; path = "TBC+Extension.swift"; sourceTree = "<group>"; };
		F110DF7B21DBA54B00096BC0 /* AppDelegate+Create.swift */ = {isa = PBXFileReference; fileEncoding = 4; lastKnownFileType = sourcecode.swift; path = "AppDelegate+Create.swift"; sourceTree = "<group>"; };
		F110DF8A21DBA5E300096BC0 /* Util+CGPath.swift */ = {isa = PBXFileReference; fileEncoding = 4; lastKnownFileType = sourcecode.swift; path = "Util+CGPath.swift"; sourceTree = "<group>"; };
		F110DF8B21DBA5E300096BC0 /* Util+CGShape.swift */ = {isa = PBXFileReference; fileEncoding = 4; lastKnownFileType = sourcecode.swift; path = "Util+CGShape.swift"; sourceTree = "<group>"; };
		F110DF8C21DBA5E300096BC0 /* Util+CGAffineTransform.swift */ = {isa = PBXFileReference; fileEncoding = 4; lastKnownFileType = sourcecode.swift; path = "Util+CGAffineTransform.swift"; sourceTree = "<group>"; };
		F110DF8D21DBA5E300096BC0 /* Util+Math.swift */ = {isa = PBXFileReference; fileEncoding = 4; lastKnownFileType = sourcecode.swift; path = "Util+Math.swift"; sourceTree = "<group>"; };
		F110DF9021DBA5E300096BC0 /* PopoverLabel+Style.swift */ = {isa = PBXFileReference; fileEncoding = 4; lastKnownFileType = sourcecode.swift; path = "PopoverLabel+Style.swift"; sourceTree = "<group>"; };
		F110DF9121DBA5E300096BC0 /* PopoverLabel.swift */ = {isa = PBXFileReference; fileEncoding = 4; lastKnownFileType = sourcecode.swift; path = PopoverLabel.swift; sourceTree = "<group>"; };
		F110DF9221DBA5E300096BC0 /* PopoverLabel+Layout.swift */ = {isa = PBXFileReference; fileEncoding = 4; lastKnownFileType = sourcecode.swift; path = "PopoverLabel+Layout.swift"; sourceTree = "<group>"; };
		F110DF9321DBA5E300096BC0 /* PopoverLabel+Animation.swift */ = {isa = PBXFileReference; fileEncoding = 4; lastKnownFileType = sourcecode.swift; path = "PopoverLabel+Animation.swift"; sourceTree = "<group>"; };
		F110DF9421DBA5E300096BC0 /* PopoverLabel+Create.swift */ = {isa = PBXFileReference; fileEncoding = 4; lastKnownFileType = sourcecode.swift; path = "PopoverLabel+Create.swift"; sourceTree = "<group>"; };
		F110DFC521DBAAE800096BC0 /* PopoverLabelLib.framework */ = {isa = PBXFileReference; explicitFileType = wrapper.framework; includeInIndex = 0; path = PopoverLabelLib.framework; sourceTree = BUILT_PRODUCTS_DIR; };
		F110DFC721DBAAE800096BC0 /* PopoverLabelLib.h */ = {isa = PBXFileReference; lastKnownFileType = sourcecode.c.h; path = PopoverLabelLib.h; sourceTree = "<group>"; };
		F110DFC821DBAAE800096BC0 /* Info.plist */ = {isa = PBXFileReference; lastKnownFileType = text.plist.xml; path = Info.plist; sourceTree = "<group>"; };
		F17E0E1921DBC0D700EE3027 /* Spatial.framework */ = {isa = PBXFileReference; lastKnownFileType = wrapper.framework; name = Spatial.framework; path = Carthage/Build/iOS/Spatial.framework; sourceTree = "<group>"; };
		F17E0E1A21DBC0D700EE3027 /* With.framework */ = {isa = PBXFileReference; lastKnownFileType = wrapper.framework; name = With.framework; path = Carthage/Build/iOS/With.framework; sourceTree = "<group>"; };
		F17E0E1B21DBC0D800EE3027 /* SimpleTimerLib.framework */ = {isa = PBXFileReference; lastKnownFileType = wrapper.framework; name = SimpleTimerLib.framework; path = Carthage/Build/iOS/SimpleTimerLib.framework; sourceTree = "<group>"; };
/* End PBXFileReference section */

/* Begin PBXFrameworksBuildPhase section */
		F110DF6221DBA41500096BC0 /* Frameworks */ = {
			isa = PBXFrameworksBuildPhase;
			buildActionMask = 2147483647;
			files = (
				F17E0E2021DCE94900EE3027 /* SimpleTimerLib.framework in Frameworks */,
				F17E0E1F21DCE94400EE3027 /* PopoverLabelLib.framework in Frameworks */,
				F17E0E2421DCE94900EE3027 /* With.framework in Frameworks */,
				F17E0E2221DCE94900EE3027 /* Spatial.framework in Frameworks */,
			);
			runOnlyForDeploymentPostprocessing = 0;
		};
		F110DFC221DBAAE800096BC0 /* Frameworks */ = {
			isa = PBXFrameworksBuildPhase;
			buildActionMask = 2147483647;
			files = (
				F17E0E2621DCE94E00EE3027 /* SimpleTimerLib.framework in Frameworks */,
				F17E0E2721DCE94E00EE3027 /* Spatial.framework in Frameworks */,
				F17E0E2821DCE94E00EE3027 /* With.framework in Frameworks */,
			);
			runOnlyForDeploymentPostprocessing = 0;
		};
/* End PBXFrameworksBuildPhase section */

/* Begin PBXGroup section */
		F109EE9E21E6225F00FCC696 /* arrowBox */ = {
			isa = PBXGroup;
			children = (
				F110DF8921DBA5E300096BC0 /* util */,
				F109EE9F21E6227300FCC696 /* ArrowBox.swift */,
				F109EEA121E71B5200FCC696 /* ArrowBox+Create.swift */,
				F109EEA321E71BD800FCC696 /* ArrowBox+Util.swift */,
				F109EEA521E71C2F00FCC696 /* ArrowBox+Style.swift */,
				F109EEA721E71D3500FCC696 /* ArrowBox+Type.swift */,
			);
			path = arrowBox;
			sourceTree = "<group>";
		};
		F110DF5C21DBA41400096BC0 = {
			isa = PBXGroup;
			children = (
				F110DF6721DBA41500096BC0 /* Popover-label-example */,
				F110DFC621DBAAE800096BC0 /* PopoverLabelLib */,
				F110DF6621DBA41500096BC0 /* Products */,
				F110DFB121DBAA0900096BC0 /* Frameworks */,
			);
			sourceTree = "<group>";
		};
		F110DF6621DBA41500096BC0 /* Products */ = {
			isa = PBXGroup;
			children = (
				F110DF6521DBA41500096BC0 /* Popover-label-example.app */,
				F110DFC521DBAAE800096BC0 /* PopoverLabelLib.framework */,
			);
			name = Products;
			sourceTree = "<group>";
		};
		F110DF6721DBA41500096BC0 /* Popover-label-example */ = {
			isa = PBXGroup;
			children = (
				F110DF6821DBA41500096BC0 /* AppDelegate.swift */,
				F110DF7B21DBA54B00096BC0 /* AppDelegate+Create.swift */,
				F109EECB21E8D96E00FCC696 /* AppDelegate+VC.swift */,
				F110DF7A21DBA54B00096BC0 /* TBC+Extension.swift */,
				F110DF6F21DBA41800096BC0 /* Assets.xcassets */,
				F110DF7121DBA41800096BC0 /* LaunchScreen.storyboard */,
				F110DF7421DBA41800096BC0 /* Info.plist */,
			);
			path = "Popover-label-example";
			sourceTree = "<group>";
		};
		F110DF8821DBA5E300096BC0 /* src */ = {
			isa = PBXGroup;
			children = (
				F109EE9E21E6225F00FCC696 /* arrowBox */,
				F110DF9121DBA5E300096BC0 /* PopoverLabel.swift */,
				F110DF9021DBA5E300096BC0 /* PopoverLabel+Style.swift */,
				F110DF9221DBA5E300096BC0 /* PopoverLabel+Layout.swift */,
				F110DF9321DBA5E300096BC0 /* PopoverLabel+Animation.swift */,
				F109EEC121E784C700FCC696 /* PopoverLabel+Metric.swift */,
				F110DF9421DBA5E300096BC0 /* PopoverLabel+Create.swift */,
			);
			path = src;
			sourceTree = "<group>";
		};
		F110DF8921DBA5E300096BC0 /* util */ = {
			isa = PBXGroup;
			children = (
				F110DF8A21DBA5E300096BC0 /* Util+CGPath.swift */,
				F110DF8B21DBA5E300096BC0 /* Util+CGShape.swift */,
				F110DF8C21DBA5E300096BC0 /* Util+CGAffineTransform.swift */,
				F110DF8D21DBA5E300096BC0 /* Util+Math.swift */,
				F109EEBF21E781B800FCC696 /* ShadowUtil.swift */,
			);
			path = util;
			sourceTree = "<group>";
		};
		F110DFB121DBAA0900096BC0 /* Frameworks */ = {
			isa = PBXGroup;
			children = (
				F17E0E1B21DBC0D800EE3027 /* SimpleTimerLib.framework */,
				F17E0E1921DBC0D700EE3027 /* Spatial.framework */,
				F17E0E1A21DBC0D700EE3027 /* With.framework */,
			);
			name = Frameworks;
			sourceTree = "<group>";
		};
		F110DFC621DBAAE800096BC0 /* PopoverLabelLib */ = {
			isa = PBXGroup;
			children = (
				F110DF8821DBA5E300096BC0 /* src */,
				F110DFC721DBAAE800096BC0 /* PopoverLabelLib.h */,
				F110DFC821DBAAE800096BC0 /* Info.plist */,
			);
			path = PopoverLabelLib;
			sourceTree = "<group>";
		};
/* End PBXGroup section */

/* Begin PBXHeadersBuildPhase section */
		F110DFC021DBAAE800096BC0 /* Headers */ = {
			isa = PBXHeadersBuildPhase;
			buildActionMask = 2147483647;
			files = (
				F110DFC921DBAAE800096BC0 /* PopoverLabelLib.h in Headers */,
			);
			runOnlyForDeploymentPostprocessing = 0;
		};
/* End PBXHeadersBuildPhase section */

/* Begin PBXNativeTarget section */
		F110DF6421DBA41500096BC0 /* Popover-label-example */ = {
			isa = PBXNativeTarget;
			buildConfigurationList = F110DF7721DBA41800096BC0 /* Build configuration list for PBXNativeTarget "Popover-label-example" */;
			buildPhases = (
				F110DF6121DBA41500096BC0 /* Sources */,
				F110DF6221DBA41500096BC0 /* Frameworks */,
				F110DF6321DBA41500096BC0 /* Resources */,
				F110DF8721DBA5CA00096BC0 /* Embed Frameworks */,
			);
			buildRules = (
			);
			dependencies = (
				F110DFCB21DBAAE800096BC0 /* PBXTargetDependency */,
			);
			name = "Popover-label-example";
			productName = "Popover-label-example";
			productReference = F110DF6521DBA41500096BC0 /* Popover-label-example.app */;
			productType = "com.apple.product-type.application";
		};
		F110DFC421DBAAE800096BC0 /* PopoverLabelLib */ = {
			isa = PBXNativeTarget;
			buildConfigurationList = F110DFCE21DBAAE800096BC0 /* Build configuration list for PBXNativeTarget "PopoverLabelLib" */;
			buildPhases = (
				F110DFC021DBAAE800096BC0 /* Headers */,
				F110DFC121DBAAE800096BC0 /* Sources */,
				F110DFC221DBAAE800096BC0 /* Frameworks */,
				F110DFC321DBAAE800096BC0 /* Resources */,
			);
			buildRules = (
			);
			dependencies = (
			);
			name = PopoverLabelLib;
			productName = PopoverLabelLib;
			productReference = F110DFC521DBAAE800096BC0 /* PopoverLabelLib.framework */;
			productType = "com.apple.product-type.framework";
		};
/* End PBXNativeTarget section */

/* Begin PBXProject section */
		F110DF5D21DBA41400096BC0 /* Project object */ = {
			isa = PBXProject;
			attributes = {
				LastSwiftUpdateCheck = 1010;
				LastUpgradeCheck = 1010;
				ORGANIZATIONNAME = FutureLab;
				TargetAttributes = {
					F110DF6421DBA41500096BC0 = {
						CreatedOnToolsVersion = 10.1;
					};
					F110DFC421DBAAE800096BC0 = {
						CreatedOnToolsVersion = 10.1;
					};
				};
			};
			buildConfigurationList = F110DF6021DBA41400096BC0 /* Build configuration list for PBXProject "Popover-label-example" */;
			compatibilityVersion = "Xcode 9.3";
			developmentRegion = en;
			hasScannedForEncodings = 0;
			knownRegions = (
				en,
				Base,
			);
			mainGroup = F110DF5C21DBA41400096BC0;
			productRefGroup = F110DF6621DBA41500096BC0 /* Products */;
			projectDirPath = "";
			projectRoot = "";
			targets = (
				F110DF6421DBA41500096BC0 /* Popover-label-example */,
				F110DFC421DBAAE800096BC0 /* PopoverLabelLib */,
			);
		};
/* End PBXProject section */

/* Begin PBXResourcesBuildPhase section */
		F110DF6321DBA41500096BC0 /* Resources */ = {
			isa = PBXResourcesBuildPhase;
			buildActionMask = 2147483647;
			files = (
				F110DF7321DBA41800096BC0 /* LaunchScreen.storyboard in Resources */,
				F110DF7021DBA41800096BC0 /* Assets.xcassets in Resources */,
			);
			runOnlyForDeploymentPostprocessing = 0;
		};
		F110DFC321DBAAE800096BC0 /* Resources */ = {
			isa = PBXResourcesBuildPhase;
			buildActionMask = 2147483647;
			files = (
			);
			runOnlyForDeploymentPostprocessing = 0;
		};
/* End PBXResourcesBuildPhase section */

/* Begin PBXSourcesBuildPhase section */
		F110DF6121DBA41500096BC0 /* Sources */ = {
			isa = PBXSourcesBuildPhase;
			buildActionMask = 2147483647;
			files = (
				F110DF6921DBA41500096BC0 /* AppDelegate.swift in Sources */,
				F110DF7D21DBA54B00096BC0 /* AppDelegate+Create.swift in Sources */,
				F110DF7C21DBA54B00096BC0 /* TBC+Extension.swift in Sources */,
				F109EECC21E8D96E00FCC696 /* AppDelegate+VC.swift in Sources */,
			);
			runOnlyForDeploymentPostprocessing = 0;
		};
		F110DFC121DBAAE800096BC0 /* Sources */ = {
			isa = PBXSourcesBuildPhase;
			buildActionMask = 2147483647;
			files = (
				F110DFDB21DBAB0000096BC0 /* PopoverLabel+Create.swift in Sources */,
				F110DFD921DBAB0000096BC0 /* PopoverLabel+Layout.swift in Sources */,
				F110DFD321DBAB0000096BC0 /* Util+CGAffineTransform.swift in Sources */,
				F110DFD421DBAB0000096BC0 /* Util+Math.swift in Sources */,
				F110DFDA21DBAB0000096BC0 /* PopoverLabel+Animation.swift in Sources */,
				F110DFD521DBAB0000096BC0 /* PopoverLabel.swift in Sources */,
				F109EEA021E6227300FCC696 /* ArrowBox.swift in Sources */,
				F109EEA221E71B5200FCC696 /* ArrowBox+Create.swift in Sources */,
				F110DFD821DBAB0000096BC0 /* PopoverLabel+Style.swift in Sources */,
				F110DFD121DBAB0000096BC0 /* Util+CGPath.swift in Sources */,
				F110DFD221DBAB0000096BC0 /* Util+CGShape.swift in Sources */,
				F109EEA621E71C2F00FCC696 /* ArrowBox+Style.swift in Sources */,
				F109EEA421E71BD800FCC696 /* ArrowBox+Util.swift in Sources */,
				F109EEA821E71D3500FCC696 /* ArrowBox+Type.swift in Sources */,
				F109EEC221E784C700FCC696 /* PopoverLabel+Metric.swift in Sources */,
				F109EEC021E781B800FCC696 /* ShadowUtil.swift in Sources */,
			);
			runOnlyForDeploymentPostprocessing = 0;
		};
/* End PBXSourcesBuildPhase section */

/* Begin PBXTargetDependency section */
		F110DFCB21DBAAE800096BC0 /* PBXTargetDependency */ = {
			isa = PBXTargetDependency;
			target = F110DFC421DBAAE800096BC0 /* PopoverLabelLib */;
			targetProxy = F110DFCA21DBAAE800096BC0 /* PBXContainerItemProxy */;
		};
/* End PBXTargetDependency section */

/* Begin PBXVariantGroup section */
		F110DF7121DBA41800096BC0 /* LaunchScreen.storyboard */ = {
			isa = PBXVariantGroup;
			children = (
				F110DF7221DBA41800096BC0 /* Base */,
			);
			name = LaunchScreen.storyboard;
			sourceTree = "<group>";
		};
/* End PBXVariantGroup section */

/* Begin XCBuildConfiguration section */
		F110DF7521DBA41800096BC0 /* Debug */ = {
			isa = XCBuildConfiguration;
			buildSettings = {
				ALWAYS_SEARCH_USER_PATHS = NO;
				CLANG_ANALYZER_NONNULL = YES;
				CLANG_ANALYZER_NUMBER_OBJECT_CONVERSION = YES_AGGRESSIVE;
				CLANG_CXX_LANGUAGE_STANDARD = "gnu++14";
				CLANG_CXX_LIBRARY = "libc++";
				CLANG_ENABLE_MODULES = YES;
				CLANG_ENABLE_OBJC_ARC = YES;
				CLANG_ENABLE_OBJC_WEAK = YES;
				CLANG_WARN_BLOCK_CAPTURE_AUTORELEASING = YES;
				CLANG_WARN_BOOL_CONVERSION = YES;
				CLANG_WARN_COMMA = YES;
				CLANG_WARN_CONSTANT_CONVERSION = YES;
				CLANG_WARN_DEPRECATED_OBJC_IMPLEMENTATIONS = YES;
				CLANG_WARN_DIRECT_OBJC_ISA_USAGE = YES_ERROR;
				CLANG_WARN_DOCUMENTATION_COMMENTS = YES;
				CLANG_WARN_EMPTY_BODY = YES;
				CLANG_WARN_ENUM_CONVERSION = YES;
				CLANG_WARN_INFINITE_RECURSION = YES;
				CLANG_WARN_INT_CONVERSION = YES;
				CLANG_WARN_NON_LITERAL_NULL_CONVERSION = YES;
				CLANG_WARN_OBJC_IMPLICIT_RETAIN_SELF = YES;
				CLANG_WARN_OBJC_LITERAL_CONVERSION = YES;
				CLANG_WARN_OBJC_ROOT_CLASS = YES_ERROR;
				CLANG_WARN_RANGE_LOOP_ANALYSIS = YES;
				CLANG_WARN_STRICT_PROTOTYPES = YES;
				CLANG_WARN_SUSPICIOUS_MOVE = YES;
				CLANG_WARN_UNGUARDED_AVAILABILITY = YES_AGGRESSIVE;
				CLANG_WARN_UNREACHABLE_CODE = YES;
				CLANG_WARN__DUPLICATE_METHOD_MATCH = YES;
				CODE_SIGN_IDENTITY = "iPhone Developer";
				COPY_PHASE_STRIP = NO;
				DEBUG_INFORMATION_FORMAT = dwarf;
				ENABLE_STRICT_OBJC_MSGSEND = YES;
				ENABLE_TESTABILITY = YES;
				GCC_C_LANGUAGE_STANDARD = gnu11;
				GCC_DYNAMIC_NO_PIC = NO;
				GCC_NO_COMMON_BLOCKS = YES;
				GCC_OPTIMIZATION_LEVEL = 0;
				GCC_PREPROCESSOR_DEFINITIONS = (
					"DEBUG=1",
					"$(inherited)",
				);
				GCC_WARN_64_TO_32_BIT_CONVERSION = YES;
				GCC_WARN_ABOUT_RETURN_TYPE = YES_ERROR;
				GCC_WARN_UNDECLARED_SELECTOR = YES;
				GCC_WARN_UNINITIALIZED_AUTOS = YES_AGGRESSIVE;
				GCC_WARN_UNUSED_FUNCTION = YES;
				GCC_WARN_UNUSED_VARIABLE = YES;
				IPHONEOS_DEPLOYMENT_TARGET = 12.1;
				MTL_ENABLE_DEBUG_INFO = INCLUDE_SOURCE;
				MTL_FAST_MATH = YES;
				ONLY_ACTIVE_ARCH = YES;
				SDKROOT = iphoneos;
				SWIFT_ACTIVE_COMPILATION_CONDITIONS = DEBUG;
				SWIFT_OPTIMIZATION_LEVEL = "-Onone";
			};
			name = Debug;
		};
		F110DF7621DBA41800096BC0 /* Release */ = {
			isa = XCBuildConfiguration;
			buildSettings = {
				ALWAYS_SEARCH_USER_PATHS = NO;
				CLANG_ANALYZER_NONNULL = YES;
				CLANG_ANALYZER_NUMBER_OBJECT_CONVERSION = YES_AGGRESSIVE;
				CLANG_CXX_LANGUAGE_STANDARD = "gnu++14";
				CLANG_CXX_LIBRARY = "libc++";
				CLANG_ENABLE_MODULES = YES;
				CLANG_ENABLE_OBJC_ARC = YES;
				CLANG_ENABLE_OBJC_WEAK = YES;
				CLANG_WARN_BLOCK_CAPTURE_AUTORELEASING = YES;
				CLANG_WARN_BOOL_CONVERSION = YES;
				CLANG_WARN_COMMA = YES;
				CLANG_WARN_CONSTANT_CONVERSION = YES;
				CLANG_WARN_DEPRECATED_OBJC_IMPLEMENTATIONS = YES;
				CLANG_WARN_DIRECT_OBJC_ISA_USAGE = YES_ERROR;
				CLANG_WARN_DOCUMENTATION_COMMENTS = YES;
				CLANG_WARN_EMPTY_BODY = YES;
				CLANG_WARN_ENUM_CONVERSION = YES;
				CLANG_WARN_INFINITE_RECURSION = YES;
				CLANG_WARN_INT_CONVERSION = YES;
				CLANG_WARN_NON_LITERAL_NULL_CONVERSION = YES;
				CLANG_WARN_OBJC_IMPLICIT_RETAIN_SELF = YES;
				CLANG_WARN_OBJC_LITERAL_CONVERSION = YES;
				CLANG_WARN_OBJC_ROOT_CLASS = YES_ERROR;
				CLANG_WARN_RANGE_LOOP_ANALYSIS = YES;
				CLANG_WARN_STRICT_PROTOTYPES = YES;
				CLANG_WARN_SUSPICIOUS_MOVE = YES;
				CLANG_WARN_UNGUARDED_AVAILABILITY = YES_AGGRESSIVE;
				CLANG_WARN_UNREACHABLE_CODE = YES;
				CLANG_WARN__DUPLICATE_METHOD_MATCH = YES;
				CODE_SIGN_IDENTITY = "iPhone Developer";
				COPY_PHASE_STRIP = NO;
				DEBUG_INFORMATION_FORMAT = "dwarf-with-dsym";
				ENABLE_NS_ASSERTIONS = NO;
				ENABLE_STRICT_OBJC_MSGSEND = YES;
				GCC_C_LANGUAGE_STANDARD = gnu11;
				GCC_NO_COMMON_BLOCKS = YES;
				GCC_WARN_64_TO_32_BIT_CONVERSION = YES;
				GCC_WARN_ABOUT_RETURN_TYPE = YES_ERROR;
				GCC_WARN_UNDECLARED_SELECTOR = YES;
				GCC_WARN_UNINITIALIZED_AUTOS = YES_AGGRESSIVE;
				GCC_WARN_UNUSED_FUNCTION = YES;
				GCC_WARN_UNUSED_VARIABLE = YES;
				IPHONEOS_DEPLOYMENT_TARGET = 12.1;
				MTL_ENABLE_DEBUG_INFO = NO;
				MTL_FAST_MATH = YES;
				SDKROOT = iphoneos;
				SWIFT_COMPILATION_MODE = wholemodule;
				SWIFT_OPTIMIZATION_LEVEL = "-O";
				VALIDATE_PRODUCT = YES;
			};
			name = Release;
		};
		F110DF7821DBA41800096BC0 /* Debug */ = {
			isa = XCBuildConfiguration;
			buildSettings = {
				ALWAYS_EMBED_SWIFT_STANDARD_LIBRARIES = YES;
				ASSETCATALOG_COMPILER_APPICON_NAME = AppIcon;
				CODE_SIGN_STYLE = Automatic;
				FRAMEWORK_SEARCH_PATHS = (
					"$(inherited)",
					"$(PROJECT_DIR)/Carthage/Build/iOS",
				);
				INFOPLIST_FILE = "Popover-label-example/Info.plist";
				LD_RUNPATH_SEARCH_PATHS = (
					"$(inherited)",
					"@executable_path/Frameworks",
				);
				PRODUCT_BUNDLE_IDENTIFIER = "io.github.futurelab.Popover-label-example";
				PRODUCT_NAME = "$(TARGET_NAME)";
				SWIFT_VERSION = 4.2;
				TARGETED_DEVICE_FAMILY = "1,2";
			};
			name = Debug;
		};
		F110DF7921DBA41800096BC0 /* Release */ = {
			isa = XCBuildConfiguration;
			buildSettings = {
				ALWAYS_EMBED_SWIFT_STANDARD_LIBRARIES = YES;
				ASSETCATALOG_COMPILER_APPICON_NAME = AppIcon;
				CODE_SIGN_STYLE = Automatic;
				FRAMEWORK_SEARCH_PATHS = (
					"$(inherited)",
					"$(PROJECT_DIR)/Carthage/Build/iOS",
				);
				INFOPLIST_FILE = "Popover-label-example/Info.plist";
				LD_RUNPATH_SEARCH_PATHS = (
					"$(inherited)",
					"@executable_path/Frameworks",
				);
				PRODUCT_BUNDLE_IDENTIFIER = "io.github.futurelab.Popover-label-example";
				PRODUCT_NAME = "$(TARGET_NAME)";
				SWIFT_VERSION = 4.2;
				TARGETED_DEVICE_FAMILY = "1,2";
			};
			name = Release;
		};
		F110DFCF21DBAAE800096BC0 /* Debug */ = {
			isa = XCBuildConfiguration;
			buildSettings = {
				CODE_SIGN_IDENTITY = "";
				CODE_SIGN_STYLE = Automatic;
				CURRENT_PROJECT_VERSION = 1;
				DEFINES_MODULE = YES;
				DYLIB_COMPATIBILITY_VERSION = 1;
				DYLIB_CURRENT_VERSION = 1;
				DYLIB_INSTALL_NAME_BASE = "@rpath";
				FRAMEWORK_SEARCH_PATHS = (
					"$(inherited)",
					"$(PROJECT_DIR)/Carthage/Build/iOS",
				);
				INFOPLIST_FILE = PopoverLabelLib/Info.plist;
				INSTALL_PATH = "$(LOCAL_LIBRARY_DIR)/Frameworks";
				LD_RUNPATH_SEARCH_PATHS = (
					"$(inherited)",
					"@executable_path/Frameworks",
					"@loader_path/Frameworks",
				);
				PRODUCT_BUNDLE_IDENTIFIER = io.github.futurelab.PopoverLabelLib;
				PRODUCT_NAME = "$(TARGET_NAME:c99extidentifier)";
				SKIP_INSTALL = YES;
				SWIFT_VERSION = 4.2;
				TARGETED_DEVICE_FAMILY = "1,2";
				VERSIONING_SYSTEM = "apple-generic";
				VERSION_INFO_PREFIX = "";
			};
			name = Debug;
		};
		F110DFD021DBAAE800096BC0 /* Release */ = {
			isa = XCBuildConfiguration;
			buildSettings = {
				CODE_SIGN_IDENTITY = "";
				CODE_SIGN_STYLE = Automatic;
				CURRENT_PROJECT_VERSION = 1;
				DEFINES_MODULE = YES;
				DYLIB_COMPATIBILITY_VERSION = 1;
				DYLIB_CURRENT_VERSION = 1;
				DYLIB_INSTALL_NAME_BASE = "@rpath";
				FRAMEWORK_SEARCH_PATHS = (
					"$(inherited)",
					"$(PROJECT_DIR)/Carthage/Build/iOS",
				);
				INFOPLIST_FILE = PopoverLabelLib/Info.plist;
				INSTALL_PATH = "$(LOCAL_LIBRARY_DIR)/Frameworks";
				LD_RUNPATH_SEARCH_PATHS = (
					"$(inherited)",
					"@executable_path/Frameworks",
					"@loader_path/Frameworks",
				);
				PRODUCT_BUNDLE_IDENTIFIER = io.github.futurelab.PopoverLabelLib;
				PRODUCT_NAME = "$(TARGET_NAME:c99extidentifier)";
				SKIP_INSTALL = YES;
				SWIFT_VERSION = 4.2;
				TARGETED_DEVICE_FAMILY = "1,2";
				VERSIONING_SYSTEM = "apple-generic";
				VERSION_INFO_PREFIX = "";
			};
			name = Release;
		};
/* End XCBuildConfiguration section */

/* Begin XCConfigurationList section */
		F110DF6021DBA41400096BC0 /* Build configuration list for PBXProject "Popover-label-example" */ = {
			isa = XCConfigurationList;
			buildConfigurations = (
				F110DF7521DBA41800096BC0 /* Debug */,
				F110DF7621DBA41800096BC0 /* Release */,
			);
			defaultConfigurationIsVisible = 0;
			defaultConfigurationName = Release;
		};
		F110DF7721DBA41800096BC0 /* Build configuration list for PBXNativeTarget "Popover-label-example" */ = {
			isa = XCConfigurationList;
			buildConfigurations = (
				F110DF7821DBA41800096BC0 /* Debug */,
				F110DF7921DBA41800096BC0 /* Release */,
			);
			defaultConfigurationIsVisible = 0;
			defaultConfigurationName = Release;
		};
		F110DFCE21DBAAE800096BC0 /* Build configuration list for PBXNativeTarget "PopoverLabelLib" */ = {
			isa = XCConfigurationList;
			buildConfigurations = (
				F110DFCF21DBAAE800096BC0 /* Debug */,
				F110DFD021DBAAE800096BC0 /* Release */,
			);
			defaultConfigurationIsVisible = 0;
			defaultConfigurationName = Release;
		};
/* End XCConfigurationList section */
	};
	rootObject = F110DF5D21DBA41400096BC0 /* Project object */;
}
